
Microsoft Visual Studio Solution File, Format Version 12.00
# Visual Studio Version 17
VisualStudioVersion = 17.4.33205.214
MinimumVisualStudioVersion = 10.0.40219.1
Project("{FAE04EC0-301F-11D3-BF4B-00C04F79EFBC}") = "Comissao", "Comissao.csproj", "{D3785C61-7B91-42DF-BF71-6DBE60B93008}"
EndProject
Global
	GlobalSection(SolutionConfigurationPlatforms) = preSolution
		Debug|Any CPU = Debug|Any CPU
		Release|Any CPU = Release|Any CPU
	EndGlobalSection
	GlobalSection(ProjectConfigurationPlatforms) = postSolution
		{D3785C61-7B91-42DF-BF71-6DBE60B93008}.Debug|Any CPU.ActiveCfg = Debug|Any CPU
		{D3785C61-7B91-42DF-BF71-6DBE60B93008}.Debug|Any CPU.Build.0 = Debug|Any CPU
		{D3785C61-7B91-42DF-BF71-6DBE60B93008}.Release|Any CPU.ActiveCfg = Release|Any CPU
		{D3785C61-7B91-42DF-BF71-6DBE60B93008}.Release|Any CPU.Build.0 = Release|Any CPU
	EndGlobalSection
	GlobalSection(SolutionProperties) = preSolution
		HideSolutionNode = FALSE
	EndGlobalSection
	GlobalSection(ExtensibilityGlobals) = postSolution
		SolutionGuid = {CB58A20B-5B29-4601-8380-BA5F2CDFB529}
	EndGlobalSection
EndGlobal
